
Microsoft Visual Studio Solution File, Format Version 9.00
# Visual Studio 2005
Project("{FAE04EC0-301F-11D3-BF4B-00C04F79EFBC}") = "WindowsApplication1", "WindowsApplication1\WindowsApplication1.csproj", "{D6D99B6C-0F3D-4597-BC8D-CBE3A192BD5F}"
EndProject
Global
	GlobalSection(SolutionConfigurationPlatforms) = preSolution
		Debug|Any CPU = Debug|Any CPU
		Release|Any CPU = Release|Any CPU
	EndGlobalSection
	GlobalSection(ProjectConfigurationPlatforms) = postSolution
		{D6D99B6C-0F3D-4597-BC8D-CBE3A192BD5F}.Debug|Any CPU.ActiveCfg = Debug|Any CPU
		{D6D99B6C-0F3D-4597-BC8D-CBE3A192BD5F}.Debug|Any CPU.Build.0 = Debug|Any CPU
		{D6D99B6C-0F3D-4597-BC8D-CBE3A192BD5F}.Release|Any CPU.ActiveCfg = Release|Any CPU
		{D6D99B6C-0F3D-4597-BC8D-CBE3A192BD5F}.Release|Any CPU.Build.0 = Release|Any CPU
	EndGlobalSection
	GlobalSection(SolutionProperties) = preSolution
		HideSolutionNode = FALSE
	EndGlobalSection
EndGlobal
