
Microsoft Visual Studio Solution File, Format Version 9.00
# Visual Studio 2005
Project("{8BC9CEB8-8B4A-11D0-8D11-00A0C91BC942}") = "AuToWebSite", "AuToWebSite\AuToWebSite.vcproj", "{F2FF54F6-8D87-4D3D-8D70-41F9F556DC09}"
EndProject
Global
	GlobalSection(DPCodeReviewSolutionGUID) = preSolution
		DPCodeReviewSolutionGUID = {00000000-0000-0000-0000-000000000000}
	EndGlobalSection
	GlobalSection(SolutionConfigurationPlatforms) = preSolution
		Debug|Win32 = Debug|Win32
		Release|Win32 = Release|Win32
	EndGlobalSection
	GlobalSection(ProjectConfigurationPlatforms) = postSolution
		{F2FF54F6-8D87-4D3D-8D70-41F9F556DC09}.Debug|Win32.ActiveCfg = Debug|Win32
		{F2FF54F6-8D87-4D3D-8D70-41F9F556DC09}.Debug|Win32.Build.0 = Debug|Win32
		{F2FF54F6-8D87-4D3D-8D70-41F9F556DC09}.Release|Win32.ActiveCfg = Release|Win32
		{F2FF54F6-8D87-4D3D-8D70-41F9F556DC09}.Release|Win32.Build.0 = Release|Win32
	EndGlobalSection
	GlobalSection(SolutionProperties) = preSolution
		HideSolutionNode = FALSE
	EndGlobalSection
EndGlobal
