
Microsoft Visual Studio Solution File, Format Version 11.00
# Visual Studio 2010
Project("{FAE04EC0-301F-11D3-BF4B-00C04F79EFBC}") = "Test", "TestDlg\Test.csproj", "{0FF2F5D8-560C-4846-B5F0-832BFCE08540}"
EndProject
Project("{FAE04EC0-301F-11D3-BF4B-00C04F79EFBC}") = "IphoneReadLib", "IphoneReadLib\IphoneReadLib.csproj", "{92B70944-301C-4B9F-818C-C9216E59F148}"
EndProject
Global
	GlobalSection(SolutionConfigurationPlatforms) = preSolution
		Debug|Any CPU = Debug|Any CPU
		Debug|x86 = Debug|x86
		Release|Any CPU = Release|Any CPU
		Release|x86 = Release|x86
	EndGlobalSection
	GlobalSection(ProjectConfigurationPlatforms) = postSolution
		{0FF2F5D8-560C-4846-B5F0-832BFCE08540}.Debug|Any CPU.ActiveCfg = Debug|Any CPU
		{0FF2F5D8-560C-4846-B5F0-832BFCE08540}.Debug|Any CPU.Build.0 = Debug|Any CPU
		{0FF2F5D8-560C-4846-B5F0-832BFCE08540}.Debug|x86.ActiveCfg = Debug|x86
		{0FF2F5D8-560C-4846-B5F0-832BFCE08540}.Debug|x86.Build.0 = Debug|x86
		{0FF2F5D8-560C-4846-B5F0-832BFCE08540}.Release|Any CPU.ActiveCfg = Release|Any CPU
		{0FF2F5D8-560C-4846-B5F0-832BFCE08540}.Release|Any CPU.Build.0 = Release|Any CPU
		{0FF2F5D8-560C-4846-B5F0-832BFCE08540}.Release|x86.ActiveCfg = Release|x86
		{0FF2F5D8-560C-4846-B5F0-832BFCE08540}.Release|x86.Build.0 = Release|x86
		{92B70944-301C-4B9F-818C-C9216E59F148}.Debug|Any CPU.ActiveCfg = Debug|Any CPU
		{92B70944-301C-4B9F-818C-C9216E59F148}.Debug|Any CPU.Build.0 = Debug|Any CPU
		{92B70944-301C-4B9F-818C-C9216E59F148}.Debug|x86.ActiveCfg = Debug|Any CPU
		{92B70944-301C-4B9F-818C-C9216E59F148}.Release|Any CPU.ActiveCfg = Release|Any CPU
		{92B70944-301C-4B9F-818C-C9216E59F148}.Release|Any CPU.Build.0 = Release|Any CPU
		{92B70944-301C-4B9F-818C-C9216E59F148}.Release|x86.ActiveCfg = Release|Any CPU
	EndGlobalSection
	GlobalSection(SolutionProperties) = preSolution
		HideSolutionNode = FALSE
	EndGlobalSection
EndGlobal
