
Microsoft Visual Studio Solution File, Format Version 9.00
# Visual Studio 2005
Project("{FAE04EC0-301F-11D3-BF4B-00C04F79EFBC}") = "WindowsApplication1", "WindowsApplication1\WindowsApplication1.csproj", "{1BEC1393-828D-4BAB-B97A-2E5DA76610FF}"
EndProject
Project("{FAE04EC0-301F-11D3-BF4B-00C04F79EFBC}") = "GmailClass", "GmailClass\GmailClass.csproj", "{F9B73BE7-8850-4A8C-B787-66541B94F412}"
EndProject
Global
	GlobalSection(DPCodeReviewSolutionGUID) = preSolution
		DPCodeReviewSolutionGUID = {00000000-0000-0000-0000-000000000000}
	EndGlobalSection
	GlobalSection(SolutionConfigurationPlatforms) = preSolution
		Debug|Any CPU = Debug|Any CPU
		Release|Any CPU = Release|Any CPU
	EndGlobalSection
	GlobalSection(ProjectConfigurationPlatforms) = postSolution
		{1BEC1393-828D-4BAB-B97A-2E5DA76610FF}.Debug|Any CPU.ActiveCfg = Debug|Any CPU
		{1BEC1393-828D-4BAB-B97A-2E5DA76610FF}.Debug|Any CPU.Build.0 = Debug|Any CPU
		{1BEC1393-828D-4BAB-B97A-2E5DA76610FF}.Release|Any CPU.ActiveCfg = Release|Any CPU
		{1BEC1393-828D-4BAB-B97A-2E5DA76610FF}.Release|Any CPU.Build.0 = Release|Any CPU
		{F9B73BE7-8850-4A8C-B787-66541B94F412}.Debug|Any CPU.ActiveCfg = Debug|Any CPU
		{F9B73BE7-8850-4A8C-B787-66541B94F412}.Debug|Any CPU.Build.0 = Debug|Any CPU
		{F9B73BE7-8850-4A8C-B787-66541B94F412}.Release|Any CPU.ActiveCfg = Release|Any CPU
		{F9B73BE7-8850-4A8C-B787-66541B94F412}.Release|Any CPU.Build.0 = Release|Any CPU
	EndGlobalSection
	GlobalSection(SolutionProperties) = preSolution
		HideSolutionNode = FALSE
	EndGlobalSection
EndGlobal
