
Microsoft Visual Studio Solution File, Format Version 10.00
# Visual Studio 2008
Project("{059D6162-CD51-11D0-AE1F-00A0C90FFFC3}") = "MWGateway", "MWGateway.dsp", "{EAC13348-C6C2-4906-860F-DE8EC7592F11}"
EndProject
Global
	GlobalSection(SolutionProperties) = preSolution
		HideSolutionNode = FALSE
	EndGlobalSection
EndGlobal
