
Microsoft Visual Studio Solution File, Format Version 10.00
# Visual Studio 2008
Project("{FAE04EC0-301F-11D3-BF4B-00C04F79EFBC}") = "BusinessApplication.Core", "BusinessApplication.Core\BusinessApplication.Core.csproj", "{2438DFEB-0B59-4FD4-AA24-444897B6B6ED}"
EndProject
Project("{FAE04EC0-301F-11D3-BF4B-00C04F79EFBC}") = "BusinessApplication.UnitTests", "BusinessApplication.UnitTests\BusinessApplication.UnitTests.csproj", "{FDFE1D1F-434D-4CFC-9CBA-98741C0A7097}"
EndProject
Global
	GlobalSection(SolutionConfigurationPlatforms) = preSolution
		Debug|Any CPU = Debug|Any CPU
		Release|Any CPU = Release|Any CPU
	EndGlobalSection
	GlobalSection(ProjectConfigurationPlatforms) = postSolution
		{2438DFEB-0B59-4FD4-AA24-444897B6B6ED}.Debug|Any CPU.ActiveCfg = Debug|Any CPU
		{2438DFEB-0B59-4FD4-AA24-444897B6B6ED}.Debug|Any CPU.Build.0 = Debug|Any CPU
		{2438DFEB-0B59-4FD4-AA24-444897B6B6ED}.Release|Any CPU.ActiveCfg = Release|Any CPU
		{2438DFEB-0B59-4FD4-AA24-444897B6B6ED}.Release|Any CPU.Build.0 = Release|Any CPU
		{FDFE1D1F-434D-4CFC-9CBA-98741C0A7097}.Debug|Any CPU.ActiveCfg = Debug|Any CPU
		{FDFE1D1F-434D-4CFC-9CBA-98741C0A7097}.Debug|Any CPU.Build.0 = Debug|Any CPU
		{FDFE1D1F-434D-4CFC-9CBA-98741C0A7097}.Release|Any CPU.ActiveCfg = Release|Any CPU
		{FDFE1D1F-434D-4CFC-9CBA-98741C0A7097}.Release|Any CPU.Build.0 = Release|Any CPU
	EndGlobalSection
	GlobalSection(SolutionProperties) = preSolution
		HideSolutionNode = FALSE
	EndGlobalSection
EndGlobal
