
Microsoft Visual Studio Solution File, Format Version 11.00
# Visual Studio 2010
Project("{FAE04EC0-301F-11D3-BF4B-00C04F79EFBC}") = "MonoTest", "AndroidApplication1\MonoTest.csproj", "{5823BC14-2A1D-4F8A-9EB6-719A83262B05}"
EndProject
Project("{FAE04EC0-301F-11D3-BF4B-00C04F79EFBC}") = "ClassLibrary", "ClassLibrary\ClassLibrary.csproj", "{3CAAC857-D650-4760-AD7F-EDB6C2AF4DE4}"
EndProject
Global
	GlobalSection(SolutionConfigurationPlatforms) = preSolution
		Debug|Any CPU = Debug|Any CPU
		Debug|Mixed Platforms = Debug|Mixed Platforms
		Debug|x86 = Debug|x86
		Release|Any CPU = Release|Any CPU
		Release|Mixed Platforms = Release|Mixed Platforms
		Release|x86 = Release|x86
	EndGlobalSection
	GlobalSection(ProjectConfigurationPlatforms) = postSolution
		{5823BC14-2A1D-4F8A-9EB6-719A83262B05}.Debug|Any CPU.ActiveCfg = Debug|Any CPU
		{5823BC14-2A1D-4F8A-9EB6-719A83262B05}.Debug|Any CPU.Build.0 = Debug|Any CPU
		{5823BC14-2A1D-4F8A-9EB6-719A83262B05}.Debug|Any CPU.Deploy.0 = Debug|Any CPU
		{5823BC14-2A1D-4F8A-9EB6-719A83262B05}.Debug|Mixed Platforms.ActiveCfg = Debug|Any CPU
		{5823BC14-2A1D-4F8A-9EB6-719A83262B05}.Debug|Mixed Platforms.Build.0 = Debug|Any CPU
		{5823BC14-2A1D-4F8A-9EB6-719A83262B05}.Debug|Mixed Platforms.Deploy.0 = Debug|Any CPU
		{5823BC14-2A1D-4F8A-9EB6-719A83262B05}.Debug|x86.ActiveCfg = Debug|Any CPU
		{5823BC14-2A1D-4F8A-9EB6-719A83262B05}.Release|Any CPU.ActiveCfg = Release|Any CPU
		{5823BC14-2A1D-4F8A-9EB6-719A83262B05}.Release|Any CPU.Build.0 = Release|Any CPU
		{5823BC14-2A1D-4F8A-9EB6-719A83262B05}.Release|Any CPU.Deploy.0 = Release|Any CPU
		{5823BC14-2A1D-4F8A-9EB6-719A83262B05}.Release|Mixed Platforms.ActiveCfg = Release|Any CPU
		{5823BC14-2A1D-4F8A-9EB6-719A83262B05}.Release|Mixed Platforms.Build.0 = Release|Any CPU
		{5823BC14-2A1D-4F8A-9EB6-719A83262B05}.Release|Mixed Platforms.Deploy.0 = Release|Any CPU
		{5823BC14-2A1D-4F8A-9EB6-719A83262B05}.Release|x86.ActiveCfg = Release|Any CPU
		{3CAAC857-D650-4760-AD7F-EDB6C2AF4DE4}.Debug|Any CPU.ActiveCfg = Debug|Any CPU
		{3CAAC857-D650-4760-AD7F-EDB6C2AF4DE4}.Debug|Any CPU.Build.0 = Debug|Any CPU
		{3CAAC857-D650-4760-AD7F-EDB6C2AF4DE4}.Debug|Mixed Platforms.ActiveCfg = Debug|Any CPU
		{3CAAC857-D650-4760-AD7F-EDB6C2AF4DE4}.Debug|Mixed Platforms.Build.0 = Debug|Any CPU
		{3CAAC857-D650-4760-AD7F-EDB6C2AF4DE4}.Debug|x86.ActiveCfg = Debug|Any CPU
		{3CAAC857-D650-4760-AD7F-EDB6C2AF4DE4}.Release|Any CPU.ActiveCfg = Release|Any CPU
		{3CAAC857-D650-4760-AD7F-EDB6C2AF4DE4}.Release|Any CPU.Build.0 = Release|Any CPU
		{3CAAC857-D650-4760-AD7F-EDB6C2AF4DE4}.Release|Mixed Platforms.ActiveCfg = Release|Any CPU
		{3CAAC857-D650-4760-AD7F-EDB6C2AF4DE4}.Release|Mixed Platforms.Build.0 = Release|Any CPU
		{3CAAC857-D650-4760-AD7F-EDB6C2AF4DE4}.Release|x86.ActiveCfg = Release|Any CPU
	EndGlobalSection
	GlobalSection(SolutionProperties) = preSolution
		HideSolutionNode = FALSE
	EndGlobalSection
EndGlobal
