
Microsoft Visual Studio Solution File, Format Version 9.00
# Visual Studio 2005
Project("{8BC9CEB8-8B4A-11D0-8D11-00A0C91BC942}") = "MachineManage", "MachineManage\MachineManage.vcproj", "{693AAE15-28F9-4AC5-A8E3-F2774846F963}"
	ProjectSection(ProjectDependencies) = postProject
		{E106ACD7-4E53-4AEE-942B-D0DD426DB34E} = {E106ACD7-4E53-4AEE-942B-D0DD426DB34E}
	EndProjectSection
EndProject
Project("{8BC9CEB8-8B4A-11D0-8D11-00A0C91BC942}") = "DuiLib", "DuiLib\DuiLib.vcproj", "{E106ACD7-4E53-4AEE-942B-D0DD426DB34E}"
EndProject
Global
	GlobalSection(SolutionConfigurationPlatforms) = preSolution
		Debug|Win32 = Debug|Win32
		Release_DuilibStatic|Win32 = Release_DuilibStatic|Win32
		Release|Win32 = Release|Win32
		UnicodeDebug|Win32 = UnicodeDebug|Win32
		UnicodeRelease|Win32 = UnicodeRelease|Win32
	EndGlobalSection
	GlobalSection(ProjectConfigurationPlatforms) = postSolution
		{693AAE15-28F9-4AC5-A8E3-F2774846F963}.Debug|Win32.ActiveCfg = Debug|Win32
		{693AAE15-28F9-4AC5-A8E3-F2774846F963}.Debug|Win32.Build.0 = Debug|Win32
		{693AAE15-28F9-4AC5-A8E3-F2774846F963}.Release_DuilibStatic|Win32.ActiveCfg = Release|Win32
		{693AAE15-28F9-4AC5-A8E3-F2774846F963}.Release_DuilibStatic|Win32.Build.0 = Release|Win32
		{693AAE15-28F9-4AC5-A8E3-F2774846F963}.Release|Win32.ActiveCfg = Release|Win32
		{693AAE15-28F9-4AC5-A8E3-F2774846F963}.Release|Win32.Build.0 = Release|Win32
		{693AAE15-28F9-4AC5-A8E3-F2774846F963}.UnicodeDebug|Win32.ActiveCfg = Debug|Win32
		{693AAE15-28F9-4AC5-A8E3-F2774846F963}.UnicodeDebug|Win32.Build.0 = Debug|Win32
		{693AAE15-28F9-4AC5-A8E3-F2774846F963}.UnicodeRelease|Win32.ActiveCfg = Release|Win32
		{693AAE15-28F9-4AC5-A8E3-F2774846F963}.UnicodeRelease|Win32.Build.0 = Release|Win32
		{E106ACD7-4E53-4AEE-942B-D0DD426DB34E}.Debug|Win32.ActiveCfg = Debug|Win32
		{E106ACD7-4E53-4AEE-942B-D0DD426DB34E}.Debug|Win32.Build.0 = Debug|Win32
		{E106ACD7-4E53-4AEE-942B-D0DD426DB34E}.Release_DuilibStatic|Win32.ActiveCfg = Release_DuilibStatic|Win32
		{E106ACD7-4E53-4AEE-942B-D0DD426DB34E}.Release_DuilibStatic|Win32.Build.0 = Release_DuilibStatic|Win32
		{E106ACD7-4E53-4AEE-942B-D0DD426DB34E}.Release|Win32.ActiveCfg = Release|Win32
		{E106ACD7-4E53-4AEE-942B-D0DD426DB34E}.Release|Win32.Build.0 = Release|Win32
		{E106ACD7-4E53-4AEE-942B-D0DD426DB34E}.UnicodeDebug|Win32.ActiveCfg = UnicodeDebug|Win32
		{E106ACD7-4E53-4AEE-942B-D0DD426DB34E}.UnicodeDebug|Win32.Build.0 = UnicodeDebug|Win32
		{E106ACD7-4E53-4AEE-942B-D0DD426DB34E}.UnicodeRelease|Win32.ActiveCfg = UnicodeRelease|Win32
		{E106ACD7-4E53-4AEE-942B-D0DD426DB34E}.UnicodeRelease|Win32.Build.0 = UnicodeRelease|Win32
	EndGlobalSection
	GlobalSection(SolutionProperties) = preSolution
		HideSolutionNode = FALSE
	EndGlobalSection
EndGlobal
